// !$*UTF8*$!
{
	archiveVersion = 1;
	classes = {
	};
	objectVersion = 50;
	objects = {

/* Begin PBXBuildFile section */
		2F3A0954249E0501000DCAC4 /* AppDelegate.m in Sources */ = {isa = PBXBuildFile; fileRef = 2F3A0953249E0501000DCAC4 /* AppDelegate.m */; };
		2F3A095F249E0505000DCAC4 /* Assets.xcassets in Resources */ = {isa = PBXBuildFile; fileRef = 2F3A095E249E0505000DCAC4 /* Assets.xcassets */; };
		2F3A0965249E0505000DCAC4 /* main.m in Sources */ = {isa = PBXBuildFile; fileRef = 2F3A0964249E0505000DCAC4 /* main.m */; };
		2F3A0974249F563A000DCAC4 /* FirstViewController.xib in Resources */ = {isa = PBXBuildFile; fileRef = 2F3A0973249F563A000DCAC4 /* FirstViewController.xib */; };
		2F3A097D249F6909000DCAC4 /* FirstViewController.m in Sources */ = {isa = PBXBuildFile; fileRef = 2F3A097C249F6909000DCAC4 /* FirstViewController.m */; };
		2F3A098F249F8703000DCAC4 /* UIColor+ColorFromHex.m in Sources */ = {isa = PBXBuildFile; fileRef = 2F3A098E249F8703000DCAC4 /* UIColor+ColorFromHex.m */; };
		2F3A0995249F8A56000DCAC4 /* TabBarViewController1.m in Sources */ = {isa = PBXBuildFile; fileRef = 2F3A0993249F8A56000DCAC4 /* TabBarViewController1.m */; };
		2F3A0996249F8A56000DCAC4 /* TabBarViewController1.xib in Resources */ = {isa = PBXBuildFile; fileRef = 2F3A0994249F8A56000DCAC4 /* TabBarViewController1.xib */; };
		2F3A09A2249F8A8A000DCAC4 /* TabBarViewController3.m in Sources */ = {isa = PBXBuildFile; fileRef = 2F3A09A0249F8A8A000DCAC4 /* TabBarViewController3.m */; };
		2F3A09A3249F8A8A000DCAC4 /* TabBarViewController3.xib in Resources */ = {isa = PBXBuildFile; fileRef = 2F3A09A1249F8A8A000DCAC4 /* TabBarViewController3.xib */; };
		2F87107A24A0837E001CF26B /* TabBarController.m in Sources */ = {isa = PBXBuildFile; fileRef = 2F87107824A0837E001CF26B /* TabBarController.m */; };
		2F87107B24A0837E001CF26B /* TabBarController.xib in Resources */ = {isa = PBXBuildFile; fileRef = 2F87107924A0837E001CF26B /* TabBarController.xib */; };
		2F87108324A09DF2001CF26B /* TableViewData.m in Sources */ = {isa = PBXBuildFile; fileRef = 2F87108224A09DF2001CF26B /* TableViewData.m */; };
		2F87109224A110F2001CF26B /* TabBarTableViewCell.m in Sources */ = {isa = PBXBuildFile; fileRef = 2F87109024A110F2001CF26B /* TabBarTableViewCell.m */; };
		2F87109324A110F2001CF26B /* TabBarTableViewCell.xib in Resources */ = {isa = PBXBuildFile; fileRef = 2F87109124A110F2001CF26B /* TabBarTableViewCell.xib */; };
		2F87111024A28EBC001CF26B /* InfoViewController.m in Sources */ = {isa = PBXBuildFile; fileRef = 2F87110E24A28EBC001CF26B /* InfoViewController.m */; };
		2F87111124A28EBC001CF26B /* InfoViewController.xib in Resources */ = {isa = PBXBuildFile; fileRef = 2F87110F24A28EBC001CF26B /* InfoViewController.xib */; };
		2F87111D24A3B3CF001CF26B /* CollectionViewController.m in Sources */ = {isa = PBXBuildFile; fileRef = 2F87111C24A3B3CF001CF26B /* CollectionViewController.m */; };
		2F87112024A3B727001CF26B /* ImgCollectionViewCell.m in Sources */ = {isa = PBXBuildFile; fileRef = 2F87111F24A3B727001CF26B /* ImgCollectionViewCell.m */; };
		2F87112324A491E8001CF26B /* ModalVC.m in Sources */ = {isa = PBXBuildFile; fileRef = 2F87112224A491E8001CF26B /* ModalVC.m */; };
/* End PBXBuildFile section */

/* Begin PBXFileReference section */
		2F3A094F249E0501000DCAC4 /* Task6Project.app */ = {isa = PBXFileReference; explicitFileType = wrapper.application; includeInIndex = 0; path = Task6Project.app; sourceTree = BUILT_PRODUCTS_DIR; };
		2F3A0952249E0501000DCAC4 /* AppDelegate.h */ = {isa = PBXFileReference; lastKnownFileType = sourcecode.c.h; path = AppDelegate.h; sourceTree = "<group>"; };
		2F3A0953249E0501000DCAC4 /* AppDelegate.m */ = {isa = PBXFileReference; lastKnownFileType = sourcecode.c.objc; path = AppDelegate.m; sourceTree = "<group>"; };
		2F3A095E249E0505000DCAC4 /* Assets.xcassets */ = {isa = PBXFileReference; lastKnownFileType = folder.assetcatalog; path = Assets.xcassets; sourceTree = "<group>"; };
		2F3A0963249E0505000DCAC4 /* Info.plist */ = {isa = PBXFileReference; lastKnownFileType = text.plist.xml; path = Info.plist; sourceTree = "<group>"; };
		2F3A0964249E0505000DCAC4 /* main.m */ = {isa = PBXFileReference; lastKnownFileType = sourcecode.c.objc; path = main.m; sourceTree = "<group>"; };
		2F3A0973249F563A000DCAC4 /* FirstViewController.xib */ = {isa = PBXFileReference; lastKnownFileType = file.xib; path = FirstViewController.xib; sourceTree = "<group>"; };
		2F3A097B249F6909000DCAC4 /* FirstViewController.h */ = {isa = PBXFileReference; lastKnownFileType = sourcecode.c.h; path = FirstViewController.h; sourceTree = "<group>"; };
		2F3A097C249F6909000DCAC4 /* FirstViewController.m */ = {isa = PBXFileReference; lastKnownFileType = sourcecode.c.objc; path = FirstViewController.m; sourceTree = "<group>"; };
		2F3A098D249F8703000DCAC4 /* UIColor+ColorFromHex.h */ = {isa = PBXFileReference; lastKnownFileType = sourcecode.c.h; path = "UIColor+ColorFromHex.h"; sourceTree = "<group>"; };
		2F3A098E249F8703000DCAC4 /* UIColor+ColorFromHex.m */ = {isa = PBXFileReference; lastKnownFileType = sourcecode.c.objc; path = "UIColor+ColorFromHex.m"; sourceTree = "<group>"; };
		2F3A0992249F8A56000DCAC4 /* TabBarViewController1.h */ = {isa = PBXFileReference; lastKnownFileType = sourcecode.c.h; path = TabBarViewController1.h; sourceTree = "<group>"; };
		2F3A0993249F8A56000DCAC4 /* TabBarViewController1.m */ = {isa = PBXFileReference; lastKnownFileType = sourcecode.c.objc; path = TabBarViewController1.m; sourceTree = "<group>"; };
		2F3A0994249F8A56000DCAC4 /* TabBarViewController1.xib */ = {isa = PBXFileReference; lastKnownFileType = file.xib; path = TabBarViewController1.xib; sourceTree = "<group>"; };
		2F3A099F249F8A8A000DCAC4 /* TabBarViewController3.h */ = {isa = PBXFileReference; lastKnownFileType = sourcecode.c.h; path = TabBarViewController3.h; sourceTree = "<group>"; };
		2F3A09A0249F8A8A000DCAC4 /* TabBarViewController3.m */ = {isa = PBXFileReference; lastKnownFileType = sourcecode.c.objc; path = TabBarViewController3.m; sourceTree = "<group>"; };
		2F3A09A1249F8A8A000DCAC4 /* TabBarViewController3.xib */ = {isa = PBXFileReference; lastKnownFileType = file.xib; path = TabBarViewController3.xib; sourceTree = "<group>"; };
		2F87107724A0837E001CF26B /* TabBarController.h */ = {isa = PBXFileReference; lastKnownFileType = sourcecode.c.h; path = TabBarController.h; sourceTree = "<group>"; };
		2F87107824A0837E001CF26B /* TabBarController.m */ = {isa = PBXFileReference; lastKnownFileType = sourcecode.c.objc; path = TabBarController.m; sourceTree = "<group>"; };
		2F87107924A0837E001CF26B /* TabBarController.xib */ = {isa = PBXFileReference; lastKnownFileType = file.xib; path = TabBarController.xib; sourceTree = "<group>"; };
		2F87108124A09DF2001CF26B /* TableViewData.h */ = {isa = PBXFileReference; lastKnownFileType = sourcecode.c.h; path = TableViewData.h; sourceTree = "<group>"; };
		2F87108224A09DF2001CF26B /* TableViewData.m */ = {isa = PBXFileReference; lastKnownFileType = sourcecode.c.objc; path = TableViewData.m; sourceTree = "<group>"; };
		2F87108F24A110F2001CF26B /* TabBarTableViewCell.h */ = {isa = PBXFileReference; lastKnownFileType = sourcecode.c.h; path = TabBarTableViewCell.h; sourceTree = "<group>"; };
		2F87109024A110F2001CF26B /* TabBarTableViewCell.m */ = {isa = PBXFileReference; lastKnownFileType = sourcecode.c.objc; path = TabBarTableViewCell.m; sourceTree = "<group>"; };
		2F87109124A110F2001CF26B /* TabBarTableViewCell.xib */ = {isa = PBXFileReference; lastKnownFileType = file.xib; path = TabBarTableViewCell.xib; sourceTree = "<group>"; };
		2F87110D24A28EBC001CF26B /* InfoViewController.h */ = {isa = PBXFileReference; lastKnownFileType = sourcecode.c.h; path = InfoViewController.h; sourceTree = "<group>"; };
		2F87110E24A28EBC001CF26B /* InfoViewController.m */ = {isa = PBXFileReference; lastKnownFileType = sourcecode.c.objc; path = InfoViewController.m; sourceTree = "<group>"; };
		2F87110F24A28EBC001CF26B /* InfoViewController.xib */ = {isa = PBXFileReference; lastKnownFileType = file.xib; path = InfoViewController.xib; sourceTree = "<group>"; };
		2F87111B24A3B3CF001CF26B /* CollectionViewController.h */ = {isa = PBXFileReference; lastKnownFileType = sourcecode.c.h; path = CollectionViewController.h; sourceTree = "<group>"; };
		2F87111C24A3B3CF001CF26B /* CollectionViewController.m */ = {isa = PBXFileReference; lastKnownFileType = sourcecode.c.objc; path = CollectionViewController.m; sourceTree = "<group>"; };
		2F87111E24A3B727001CF26B /* ImgCollectionViewCell.h */ = {isa = PBXFileReference; lastKnownFileType = sourcecode.c.h; path = ImgCollectionViewCell.h; sourceTree = "<group>"; };
		2F87111F24A3B727001CF26B /* ImgCollectionViewCell.m */ = {isa = PBXFileReference; lastKnownFileType = sourcecode.c.objc; path = ImgCollectionViewCell.m; sourceTree = "<group>"; };
		2F87112124A491E8001CF26B /* ModalVC.h */ = {isa = PBXFileReference; lastKnownFileType = sourcecode.c.h; path = ModalVC.h; sourceTree = "<group>"; };
		2F87112224A491E8001CF26B /* ModalVC.m */ = {isa = PBXFileReference; lastKnownFileType = sourcecode.c.objc; path = ModalVC.m; sourceTree = "<group>"; };
/* End PBXFileReference section */

/* Begin PBXFrameworksBuildPhase section */
		2F3A094C249E0501000DCAC4 /* Frameworks */ = {
			isa = PBXFrameworksBuildPhase;
			buildActionMask = 2147483647;
			files = (
			);
			runOnlyForDeploymentPostprocessing = 0;
		};
/* End PBXFrameworksBuildPhase section */

/* Begin PBXGroup section */
		2F3A0946249E0501000DCAC4 = {
			isa = PBXGroup;
			children = (
				2F3A0951249E0501000DCAC4 /* Task6Project */,
				2F3A0950249E0501000DCAC4 /* Products */,
			);
			sourceTree = "<group>";
		};
		2F3A0950249E0501000DCAC4 /* Products */ = {
			isa = PBXGroup;
			children = (
				2F3A094F249E0501000DCAC4 /* Task6Project.app */,
			);
			name = Products;
			sourceTree = "<group>";
		};
		2F3A0951249E0501000DCAC4 /* Task6Project */ = {
			isa = PBXGroup;
			children = (
				2F3A0990249F8895000DCAC4 /* Support */,
				2F3A09A8249F8D82000DCAC4 /* First screen */,
				2F3A09AE249FD52F000DCAC4 /* TabBar */,
				2F3A09A4249F8D38000DCAC4 /* Second screen */,
				2F3A09A6249F8D5C000DCAC4 /* Third screen */,
				2F3A09A7249F8D68000DCAC4 /* Fourth screen */,
				2F87110C24A28DB3001CF26B /* Fifth screen */,
				2F3A0991249F88AE000DCAC4 /* Categories */,
			);
			path = Task6Project;
			sourceTree = "<group>";
		};
		2F3A0990249F8895000DCAC4 /* Support */ = {
			isa = PBXGroup;
			children = (
				2F3A0952249E0501000DCAC4 /* AppDelegate.h */,
				2F3A0953249E0501000DCAC4 /* AppDelegate.m */,
				2F3A095E249E0505000DCAC4 /* Assets.xcassets */,
				2F3A0963249E0505000DCAC4 /* Info.plist */,
				2F3A0964249E0505000DCAC4 /* main.m */,
			);
			path = Support;
			sourceTree = "<group>";
		};
		2F3A0991249F88AE000DCAC4 /* Categories */ = {
			isa = PBXGroup;
			children = (
				2F3A098D249F8703000DCAC4 /* UIColor+ColorFromHex.h */,
				2F3A098E249F8703000DCAC4 /* UIColor+ColorFromHex.m */,
			);
			path = Categories;
			sourceTree = "<group>";
		};
		2F3A09A4249F8D38000DCAC4 /* Second screen */ = {
			isa = PBXGroup;
			children = (
				2F3A0992249F8A56000DCAC4 /* TabBarViewController1.h */,
				2F3A0993249F8A56000DCAC4 /* TabBarViewController1.m */,
				2F3A0994249F8A56000DCAC4 /* TabBarViewController1.xib */,
				2F87108124A09DF2001CF26B /* TableViewData.h */,
				2F87108224A09DF2001CF26B /* TableViewData.m */,
				2F87108F24A110F2001CF26B /* TabBarTableViewCell.h */,
				2F87109024A110F2001CF26B /* TabBarTableViewCell.m */,
				2F87109124A110F2001CF26B /* TabBarTableViewCell.xib */,
			);
			path = "Second screen";
			sourceTree = "<group>";
		};
		2F3A09A6249F8D5C000DCAC4 /* Third screen */ = {
			isa = PBXGroup;
			children = (
				2F87111B24A3B3CF001CF26B /* CollectionViewController.h */,
				2F87111C24A3B3CF001CF26B /* CollectionViewController.m */,
				2F87111E24A3B727001CF26B /* ImgCollectionViewCell.h */,
				2F87111F24A3B727001CF26B /* ImgCollectionViewCell.m */,
				2F87112124A491E8001CF26B /* ModalVC.h */,
				2F87112224A491E8001CF26B /* ModalVC.m */,
			);
			path = "Third screen";
			sourceTree = "<group>";
		};
		2F3A09A7249F8D68000DCAC4 /* Fourth screen */ = {
			isa = PBXGroup;
			children = (
				2F3A099F249F8A8A000DCAC4 /* TabBarViewController3.h */,
				2F3A09A0249F8A8A000DCAC4 /* TabBarViewController3.m */,
				2F3A09A1249F8A8A000DCAC4 /* TabBarViewController3.xib */,
			);
			path = "Fourth screen";
			sourceTree = "<group>";
		};
		2F3A09A8249F8D82000DCAC4 /* First screen */ = {
			isa = PBXGroup;
			children = (
				2F3A097B249F6909000DCAC4 /* FirstViewController.h */,
				2F3A097C249F6909000DCAC4 /* FirstViewController.m */,
				2F3A0973249F563A000DCAC4 /* FirstViewController.xib */,
			);
			path = "First screen";
			sourceTree = "<group>";
		};
		2F3A09AE249FD52F000DCAC4 /* TabBar */ = {
			isa = PBXGroup;
			children = (
				2F87107724A0837E001CF26B /* TabBarController.h */,
				2F87107824A0837E001CF26B /* TabBarController.m */,
				2F87107924A0837E001CF26B /* TabBarController.xib */,
			);
			path = TabBar;
			sourceTree = "<group>";
		};
		2F87110C24A28DB3001CF26B /* Fifth screen */ = {
			isa = PBXGroup;
			children = (
				2F87110D24A28EBC001CF26B /* InfoViewController.h */,
				2F87110E24A28EBC001CF26B /* InfoViewController.m */,
				2F87110F24A28EBC001CF26B /* InfoViewController.xib */,
			);
			path = "Fifth screen";
			sourceTree = "<group>";
		};
/* End PBXGroup section */

/* Begin PBXNativeTarget section */
		2F3A094E249E0501000DCAC4 /* Task6Project */ = {
			isa = PBXNativeTarget;
			buildConfigurationList = 2F3A0968249E0505000DCAC4 /* Build configuration list for PBXNativeTarget "Task6Project" */;
			buildPhases = (
				2F3A094B249E0501000DCAC4 /* Sources */,
				2F3A094C249E0501000DCAC4 /* Frameworks */,
				2F3A094D249E0501000DCAC4 /* Resources */,
			);
			buildRules = (
			);
			dependencies = (
			);
			name = Task6Project;
			productName = Task6Project;
			productReference = 2F3A094F249E0501000DCAC4 /* Task6Project.app */;
			productType = "com.apple.product-type.application";
		};
/* End PBXNativeTarget section */

/* Begin PBXProject section */
		2F3A0947249E0501000DCAC4 /* Project object */ = {
			isa = PBXProject;
			attributes = {
				LastUpgradeCheck = 1150;
				ORGANIZATIONNAME = "Eduard Ivash";
				TargetAttributes = {
					2F3A094E249E0501000DCAC4 = {
						CreatedOnToolsVersion = 11.5;
					};
				};
			};
			buildConfigurationList = 2F3A094A249E0501000DCAC4 /* Build configuration list for PBXProject "Task6Project" */;
			compatibilityVersion = "Xcode 9.3";
			developmentRegion = en;
			hasScannedForEncodings = 0;
			knownRegions = (
				en,
				Base,
			);
			mainGroup = 2F3A0946249E0501000DCAC4;
			productRefGroup = 2F3A0950249E0501000DCAC4 /* Products */;
			projectDirPath = "";
			projectRoot = "";
			targets = (
				2F3A094E249E0501000DCAC4 /* Task6Project */,
			);
		};
/* End PBXProject section */

/* Begin PBXResourcesBuildPhase section */
		2F3A094D249E0501000DCAC4 /* Resources */ = {
			isa = PBXResourcesBuildPhase;
			buildActionMask = 2147483647;
			files = (
				2F87111124A28EBC001CF26B /* InfoViewController.xib in Resources */,
				2F3A09A3249F8A8A000DCAC4 /* TabBarViewController3.xib in Resources */,
				2F87107B24A0837E001CF26B /* TabBarController.xib in Resources */,
				2F3A0974249F563A000DCAC4 /* FirstViewController.xib in Resources */,
				2F3A0996249F8A56000DCAC4 /* TabBarViewController1.xib in Resources */,
				2F3A095F249E0505000DCAC4 /* Assets.xcassets in Resources */,
				2F87109324A110F2001CF26B /* TabBarTableViewCell.xib in Resources */,
			);
			runOnlyForDeploymentPostprocessing = 0;
		};
/* End PBXResourcesBuildPhase section */

/* Begin PBXSourcesBuildPhase section */
		2F3A094B249E0501000DCAC4 /* Sources */ = {
			isa = PBXSourcesBuildPhase;
			buildActionMask = 2147483647;
			files = (
				2F3A0995249F8A56000DCAC4 /* TabBarViewController1.m in Sources */,
				2F3A0954249E0501000DCAC4 /* AppDelegate.m in Sources */,
				2F3A098F249F8703000DCAC4 /* UIColor+ColorFromHex.m in Sources */,
				2F87109224A110F2001CF26B /* TabBarTableViewCell.m in Sources */,
				2F3A09A2249F8A8A000DCAC4 /* TabBarViewController3.m in Sources */,
				2F87112324A491E8001CF26B /* ModalVC.m in Sources */,
				2F87111024A28EBC001CF26B /* InfoViewController.m in Sources */,
				2F87108324A09DF2001CF26B /* TableViewData.m in Sources */,
				2F87111D24A3B3CF001CF26B /* CollectionViewController.m in Sources */,
				2F87107A24A0837E001CF26B /* TabBarController.m in Sources */,
				2F3A097D249F6909000DCAC4 /* FirstViewController.m in Sources */,
				2F3A0965249E0505000DCAC4 /* main.m in Sources */,
				2F87112024A3B727001CF26B /* ImgCollectionViewCell.m in Sources */,
			);
			runOnlyForDeploymentPostprocessing = 0;
		};
/* End PBXSourcesBuildPhase section */

/* Begin XCBuildConfiguration section */
		2F3A0966249E0505000DCAC4 /* Debug */ = {
			isa = XCBuildConfiguration;
			buildSettings = {
				ALWAYS_SEARCH_USER_PATHS = NO;
				CLANG_ANALYZER_NONNULL = YES;
				CLANG_ANALYZER_NUMBER_OBJECT_CONVERSION = YES_AGGRESSIVE;
				CLANG_CXX_LANGUAGE_STANDARD = "gnu++14";
				CLANG_CXX_LIBRARY = "libc++";
				CLANG_ENABLE_MODULES = YES;
				CLANG_ENABLE_OBJC_ARC = YES;
				CLANG_ENABLE_OBJC_WEAK = YES;
				CLANG_WARN_BLOCK_CAPTURE_AUTORELEASING = YES;
				CLANG_WARN_BOOL_CONVERSION = YES;
				CLANG_WARN_COMMA = YES;
				CLANG_WARN_CONSTANT_CONVERSION = YES;
				CLANG_WARN_DEPRECATED_OBJC_IMPLEMENTATIONS = YES;
				CLANG_WARN_DIRECT_OBJC_ISA_USAGE = YES_ERROR;
				CLANG_WARN_DOCUMENTATION_COMMENTS = YES;
				CLANG_WARN_EMPTY_BODY = YES;
				CLANG_WARN_ENUM_CONVERSION = YES;
				CLANG_WARN_INFINITE_RECURSION = YES;
				CLANG_WARN_INT_CONVERSION = YES;
				CLANG_WARN_NON_LITERAL_NULL_CONVERSION = YES;
				CLANG_WARN_OBJC_IMPLICIT_RETAIN_SELF = YES;
				CLANG_WARN_OBJC_LITERAL_CONVERSION = YES;
				CLANG_WARN_OBJC_ROOT_CLASS = YES_ERROR;
				CLANG_WARN_RANGE_LOOP_ANALYSIS = YES;
				CLANG_WARN_STRICT_PROTOTYPES = YES;
				CLANG_WARN_SUSPICIOUS_MOVE = YES;
				CLANG_WARN_UNGUARDED_AVAILABILITY = YES_AGGRESSIVE;
				CLANG_WARN_UNREACHABLE_CODE = YES;
				CLANG_WARN__DUPLICATE_METHOD_MATCH = YES;
				COPY_PHASE_STRIP = NO;
				DEBUG_INFORMATION_FORMAT = dwarf;
				ENABLE_STRICT_OBJC_MSGSEND = YES;
				ENABLE_TESTABILITY = YES;
				GCC_C_LANGUAGE_STANDARD = gnu11;
				GCC_DYNAMIC_NO_PIC = NO;
				GCC_NO_COMMON_BLOCKS = YES;
				GCC_OPTIMIZATION_LEVEL = 0;
				GCC_PREPROCESSOR_DEFINITIONS = (
					"DEBUG=1",
					"$(inherited)",
				);
				GCC_WARN_64_TO_32_BIT_CONVERSION = YES;
				GCC_WARN_ABOUT_RETURN_TYPE = YES_ERROR;
				GCC_WARN_UNDECLARED_SELECTOR = YES;
				GCC_WARN_UNINITIALIZED_AUTOS = YES_AGGRESSIVE;
				GCC_WARN_UNUSED_FUNCTION = YES;
				GCC_WARN_UNUSED_VARIABLE = YES;
				IPHONEOS_DEPLOYMENT_TARGET = 10.0;
				MTL_ENABLE_DEBUG_INFO = INCLUDE_SOURCE;
				MTL_FAST_MATH = YES;
				ONLY_ACTIVE_ARCH = YES;
				SDKROOT = iphoneos;
			};
			name = Debug;
		};
		2F3A0967249E0505000DCAC4 /* Release */ = {
			isa = XCBuildConfiguration;
			buildSettings = {
				ALWAYS_SEARCH_USER_PATHS = NO;
				CLANG_ANALYZER_NONNULL = YES;
				CLANG_ANALYZER_NUMBER_OBJECT_CONVERSION = YES_AGGRESSIVE;
				CLANG_CXX_LANGUAGE_STANDARD = "gnu++14";
				CLANG_CXX_LIBRARY = "libc++";
				CLANG_ENABLE_MODULES = YES;
				CLANG_ENABLE_OBJC_ARC = YES;
				CLANG_ENABLE_OBJC_WEAK = YES;
				CLANG_WARN_BLOCK_CAPTURE_AUTORELEASING = YES;
				CLANG_WARN_BOOL_CONVERSION = YES;
				CLANG_WARN_COMMA = YES;
				CLANG_WARN_CONSTANT_CONVERSION = YES;
				CLANG_WARN_DEPRECATED_OBJC_IMPLEMENTATIONS = YES;
				CLANG_WARN_DIRECT_OBJC_ISA_USAGE = YES_ERROR;
				CLANG_WARN_DOCUMENTATION_COMMENTS = YES;
				CLANG_WARN_EMPTY_BODY = YES;
				CLANG_WARN_ENUM_CONVERSION = YES;
				CLANG_WARN_INFINITE_RECURSION = YES;
				CLANG_WARN_INT_CONVERSION = YES;
				CLANG_WARN_NON_LITERAL_NULL_CONVERSION = YES;
				CLANG_WARN_OBJC_IMPLICIT_RETAIN_SELF = YES;
				CLANG_WARN_OBJC_LITERAL_CONVERSION = YES;
				CLANG_WARN_OBJC_ROOT_CLASS = YES_ERROR;
				CLANG_WARN_RANGE_LOOP_ANALYSIS = YES;
				CLANG_WARN_STRICT_PROTOTYPES = YES;
				CLANG_WARN_SUSPICIOUS_MOVE = YES;
				CLANG_WARN_UNGUARDED_AVAILABILITY = YES_AGGRESSIVE;
				CLANG_WARN_UNREACHABLE_CODE = YES;
				CLANG_WARN__DUPLICATE_METHOD_MATCH = YES;
				COPY_PHASE_STRIP = NO;
				DEBUG_INFORMATION_FORMAT = "dwarf-with-dsym";
				ENABLE_NS_ASSERTIONS = NO;
				ENABLE_STRICT_OBJC_MSGSEND = YES;
				GCC_C_LANGUAGE_STANDARD = gnu11;
				GCC_NO_COMMON_BLOCKS = YES;
				GCC_WARN_64_TO_32_BIT_CONVERSION = YES;
				GCC_WARN_ABOUT_RETURN_TYPE = YES_ERROR;
				GCC_WARN_UNDECLARED_SELECTOR = YES;
				GCC_WARN_UNINITIALIZED_AUTOS = YES_AGGRESSIVE;
				GCC_WARN_UNUSED_FUNCTION = YES;
				GCC_WARN_UNUSED_VARIABLE = YES;
				IPHONEOS_DEPLOYMENT_TARGET = 10.0;
				MTL_ENABLE_DEBUG_INFO = NO;
				MTL_FAST_MATH = YES;
				SDKROOT = iphoneos;
				VALIDATE_PRODUCT = YES;
			};
			name = Release;
		};
		2F3A0969249E0505000DCAC4 /* Debug */ = {
			isa = XCBuildConfiguration;
			buildSettings = {
				ASSETCATALOG_COMPILER_APPICON_NAME = AppIcon;
				CODE_SIGN_STYLE = Automatic;
				DEVELOPMENT_TEAM = 3M25X6SA3H;
				INFOPLIST_FILE = "$(SRCROOT)/Task6Project/Support/Info.plist";
				LD_RUNPATH_SEARCH_PATHS = (
					"$(inherited)",
					"@executable_path/Frameworks",
				);
				PRODUCT_BUNDLE_IDENTIFIER = "com.eduardivash-gmail.Task6Project";
				PRODUCT_NAME = "$(TARGET_NAME)";
				TARGETED_DEVICE_FAMILY = "1,2";
			};
			name = Debug;
		};
		2F3A096A249E0505000DCAC4 /* Release */ = {
			isa = XCBuildConfiguration;
			buildSettings = {
				ASSETCATALOG_COMPILER_APPICON_NAME = AppIcon;
				CODE_SIGN_STYLE = Automatic;
				DEVELOPMENT_TEAM = 3M25X6SA3H;
				INFOPLIST_FILE = "$(SRCROOT)/Task6Project/Support/Info.plist";
				LD_RUNPATH_SEARCH_PATHS = (
					"$(inherited)",
					"@executable_path/Frameworks",
				);
				PRODUCT_BUNDLE_IDENTIFIER = "com.eduardivash-gmail.Task6Project";
				PRODUCT_NAME = "$(TARGET_NAME)";
				TARGETED_DEVICE_FAMILY = "1,2";
			};
			name = Release;
		};
/* End XCBuildConfiguration section */

/* Begin XCConfigurationList section */
		2F3A094A249E0501000DCAC4 /* Build configuration list for PBXProject "Task6Project" */ = {
			isa = XCConfigurationList;
			buildConfigurations = (
				2F3A0966249E0505000DCAC4 /* Debug */,
				2F3A0967249E0505000DCAC4 /* Release */,
			);
			defaultConfigurationIsVisible = 0;
			defaultConfigurationName = Release;
		};
		2F3A0968249E0505000DCAC4 /* Build configuration list for PBXNativeTarget "Task6Project" */ = {
			isa = XCConfigurationList;
			buildConfigurations = (
				2F3A0969249E0505000DCAC4 /* Debug */,
				2F3A096A249E0505000DCAC4 /* Release */,
			);
			defaultConfigurationIsVisible = 0;
			defaultConfigurationName = Release;
		};
/* End XCConfigurationList section */
	};
	rootObject = 2F3A0947249E0501000DCAC4 /* Project object */;
}
